{
  "version": 4,
  "terraform_version": "1.12.1",
  "serial": 8,
  "lineage": "a9348fd0-f81a-3017-520c-242edab9baef",
  "outputs": {
    "firewall_rule_collection_group_id": {
      "value": "/subscriptions/fe5ae019-27cb-4b01-bc02-608cace3cdb5/resourceGroups/bdoalz-p-rg-hub-southeastasia/providers/Microsoft.Network/firewallPolicies/bdoalz-p-fwp-hub-southeastasia/ruleCollectionGroups/example-fwpolicy-rcg",
      "type": "string"
    },
    "routing_intent_id": {
      "value": "/subscriptions/fe5ae019-27cb-4b01-bc02-608cace3cdb5/resourceGroups/bdoalz-p-rg-hub-southeastasia/providers/Microsoft.Network/virtualHubs/bdoalz-p-vwan-hub-southeastasia/routingIntent/example-routingintent",
      "type": "string"
    }
  },
  "resources": [
    {
      "mode": "data",
      "type": "terraform_remote_state",
      "name": "alz_output",
      "provider": "provider[\"terraform.io/builtin/terraform\"]",
      "instances": [
        {
          "schema_version": 0,
          "attributes": {
            "backend": "azurerm",
            "config": {
              "value": {
                "container_name": "alzfwtfstate",
                "key": "alzfw.terraform.tfstate",
                "resource_group_name": "alzfwtest",
                "storage_account_name": "alzfwtestblob04062025",
                "use_azuread_auth": true
              },
              "type": [
                "object",
                {
                  "container_name": "string",
                  "key": "string",
                  "resource_group_name": "string",
                  "storage_account_name": "string",
                  "use_azuread_auth": "bool"
                }
              ]
            },
            "defaults": null,
            "outputs": {
              "value": {},
              "type": [
                "object",
                {}
              ]
            },
            "workspace": null
          },
          "sensitive_attributes": [],
          "identity_schema_version": 0
        }
      ]
    },
    {
      "mode": "managed",
      "type": "azurerm_firewall_policy_rule_collection_group",
      "name": "example",
      "provider": "provider[\"registry.terraform.io/hashicorp/azurerm\"]",
      "instances": [
        {
          "schema_version": 0,
          "attributes": {
            "application_rule_collection": [
              {
                "action": "Deny",
                "name": "app_rule_collection1",
                "priority": 500,
                "rule": [
                  {
                    "description": "",
                    "destination_addresses": [],
                    "destination_fqdn_tags": [],
                    "destination_fqdns": [
                      "*.microsoft.com"
                    ],
                    "destination_urls": [],
                    "http_headers": [],
                    "name": "app_rule_collection1_rule1",
                    "protocols": [
                      {
                        "port": 80,
                        "type": "Http"
                      },
                      {
                        "port": 443,
                        "type": "Https"
                      }
                    ],
                    "source_addresses": [
                      "10.0.0.1"
                    ],
                    "source_ip_groups": [],
                    "terminate_tls": false,
                    "web_categories": []
                  }
                ]
              }
            ],
            "firewall_policy_id": "/subscriptions/fe5ae019-27cb-4b01-bc02-608cace3cdb5/resourceGroups/bdoalz-p-rg-hub-southeastasia/providers/Microsoft.Network/firewallPolicies/bdoalz-p-fwp-hub-southeastasia",
            "id": "/subscriptions/fe5ae019-27cb-4b01-bc02-608cace3cdb5/resourceGroups/bdoalz-p-rg-hub-southeastasia/providers/Microsoft.Network/firewallPolicies/bdoalz-p-fwp-hub-southeastasia/ruleCollectionGroups/example-fwpolicy-rcg",
            "name": "example-fwpolicy-rcg",
            "nat_rule_collection": [],
            "network_rule_collection": [
              {
                "action": "Deny",
                "name": "network_rule_collection1",
                "priority": 400,
                "rule": [
                  {
                    "description": "",
                    "destination_addresses": [
                      "192.168.1.1",
                      "192.168.1.2"
                    ],
                    "destination_fqdns": [],
                    "destination_ip_groups": [],
                    "destination_ports": [
                      "80",
                      "1000-2000"
                    ],
                    "name": "network_rule_collection1_rule1",
                    "protocols": [
                      "TCP",
                      "UDP"
                    ],
                    "source_addresses": [
                      "10.0.0.1"
                    ],
                    "source_ip_groups": []
                  }
                ]
              }
            ],
            "priority": 500,
            "timeouts": null
          },
          "sensitive_attributes": [],
          "identity_schema_version": 0,
          "private": "eyJlMmJmYjczMC1lY2FhLTExZTYtOGY4OC0zNDM2M2JjN2M0YzAiOnsiY3JlYXRlIjoxODAwMDAwMDAwMDAwLCJkZWxldGUiOjE4MDAwMDAwMDAwMDAsInJlYWQiOjMwMDAwMDAwMDAwMCwidXBkYXRlIjoxODAwMDAwMDAwMDAwfSwic2NoZW1hX3ZlcnNpb24iOiIwIn0="
        }
      ]
    },
    {
      "mode": "managed",
      "type": "azurerm_virtual_hub_routing_intent",
      "name": "example",
      "provider": "provider[\"registry.terraform.io/hashicorp/azurerm\"]",
      "instances": [
        {
          "schema_version": 0,
          "attributes": {
            "id": "/subscriptions/fe5ae019-27cb-4b01-bc02-608cace3cdb5/resourceGroups/bdoalz-p-rg-hub-southeastasia/providers/Microsoft.Network/virtualHubs/bdoalz-p-vwan-hub-southeastasia/routingIntent/example-routingintent",
            "name": "example-routingintent",
            "routing_policy": [
              {
                "destinations": [
                  "Internet"
                ],
                "name": "InternetTrafficPolicy",
                "next_hop": "/subscriptions/fe5ae019-27cb-4b01-bc02-608cace3cdb5/resourceGroups/bdoalz-p-rg-hub-southeastasia/providers/Microsoft.Network/azureFirewalls/bdoalz-p-fw-hub-southeastasia"
              },
              {
                "destinations": [
                  "PrivateTraffic"
                ],
                "name": "PrivateTrafficPolicy",
                "next_hop": "/subscriptions/fe5ae019-27cb-4b01-bc02-608cace3cdb5/resourceGroups/bdoalz-p-rg-hub-southeastasia/providers/Microsoft.Network/azureFirewalls/bdoalz-p-fw-hub-southeastasia"
              }
            ],
            "timeouts": null,
            "virtual_hub_id": "/subscriptions/fe5ae019-27cb-4b01-bc02-608cace3cdb5/resourceGroups/bdoalz-p-rg-hub-southeastasia/providers/Microsoft.Network/virtualHubs/bdoalz-p-vwan-hub-southeastasia"
          },
          "sensitive_attributes": [],
          "identity_schema_version": 0,
          "private": "eyJlMmJmYjczMC1lY2FhLTExZTYtOGY4OC0zNDM2M2JjN2M0YzAiOnsiY3JlYXRlIjoxODAwMDAwMDAwMDAwLCJkZWxldGUiOjE4MDAwMDAwMDAwMDAsInJlYWQiOjMwMDAwMDAwMDAwMCwidXBkYXRlIjoxODAwMDAwMDAwMDAwfX0="
        }
      ]
    }
  ],
  "check_results": null
}
